
Microsoft Visual Studio Solution File, Format Version 12.00
# Visual Studio Version 17
VisualStudioVersion = 17.13.35931.197
MinimumVisualStudioVersion = 10.0.40219.1
Project("{2150E333-8FDC-42A3-9474-1A3956D46DE8}") = "src", "src", "{02EA681E-C7D8-13C7-8484-4AC65E1B71E8}"
EndProject
Project("{2150E333-8FDC-42A3-9474-1A3956D46DE8}") = "api", "api", "{8238718C-7FFF-4CFB-A4E8-1719775D577F}"
EndProject
Project("{2150E333-8FDC-42A3-9474-1A3956D46DE8}") = "domain", "domain", "{3735F2C0-D090-42B7-A1F8-1B65609CBA72}"
EndProject
Project("{2150E333-8FDC-42A3-9474-1A3956D46DE8}") = "core", "core", "{7F8D0DE0-D441-4C9D-9845-C51D8F0A9C16}"
EndProject
Project("{2150E333-8FDC-42A3-9474-1A3956D46DE8}") = "infrastructure", "infrastructure", "{0C49EB42-63A4-48AF-A9E1-5BA746D7B5C3}"
EndProject
Project("{2150E333-8FDC-42A3-9474-1A3956D46DE8}") = "persistence", "persistence", "{808A97F8-6CD0-48BC-BFC6-A6114801BD3B}"
EndProject
Project("{2150E333-8FDC-42A3-9474-1A3956D46DE8}") = "security", "security", "{6D7DAFAB-6531-4F26-A421-751F0850C07B}"
EndProject
Project("{2150E333-8FDC-42A3-9474-1A3956D46DE8}") = "application", "application", "{E9F8B640-3BB2-4869-AA1E-B7275AF62BC6}"
EndProject
Project("{FAE04EC0-301F-11D3-BF4B-00C04F79EFBC}") = "myHr.api", "myHr.api\myHr.api.csproj", "{1B007F18-90D7-45FB-A449-24434D3F712B}"
EndProject
Project("{FAE04EC0-301F-11D3-BF4B-00C04F79EFBC}") = "myHr.application", "myHr.application\myHr.application.csproj", "{97E9FD08-B544-4464-B143-F5418D70AFE6}"
EndProject
Project("{FAE04EC0-301F-11D3-BF4B-00C04F79EFBC}") = "myHr.domain", "myHr.domain\myHr.domain.csproj", "{CF94BA42-C027-4527-9CFD-ED4601A40039}"
EndProject
Project("{FAE04EC0-301F-11D3-BF4B-00C04F79EFBC}") = "myHr.persistence", "myHr.persistence\myHr.persistence.csproj", "{D169D2FB-8F3F-4C33-8E26-1746CB0A9DA4}"
EndProject
Project("{FAE04EC0-301F-11D3-BF4B-00C04F79EFBC}") = "myHr.security", "myHr.security\myHr.security.csproj", "{AB6D4B82-7F9B-4D99-A62F-26CC22CDC1C3}"
EndProject
Project("{2150E333-8FDC-42A3-9474-1A3956D46DE8}") = "test", "test", "{E286A219-B8BE-4485-A77B-8070952DE8A0}"
EndProject
Project("{2150E333-8FDC-42A3-9474-1A3956D46DE8}") = "application-test", "application-test", "{F2EDF644-EAB5-4103-AE20-844B7A23ED88}"
EndProject
Project("{2150E333-8FDC-42A3-9474-1A3956D46DE8}") = "infrastructure-test", "infrastructure-test", "{71B5696A-6C9D-47A8-97E4-7F7CFE9C5599}"
EndProject
Project("{FAE04EC0-301F-11D3-BF4B-00C04F79EFBC}") = "myHr.application.test", "myHr.application.test\myHr.application.test.csproj", "{122FC0E3-89C5-4E1A-A073-2A7DD7120927}"
EndProject
Project("{FAE04EC0-301F-11D3-BF4B-00C04F79EFBC}") = "myHr.infrastructure.test", "myHr.infrastructure.test\myHr.infrastructure.test.csproj", "{A6F25717-8D68-4AB3-ACEC-CB217AFD998E}"
EndProject
Global
	GlobalSection(SolutionConfigurationPlatforms) = preSolution
		Debug|Any CPU = Debug|Any CPU
		Release|Any CPU = Release|Any CPU
	EndGlobalSection
	GlobalSection(ProjectConfigurationPlatforms) = postSolution
		{1B007F18-90D7-45FB-A449-24434D3F712B}.Debug|Any CPU.ActiveCfg = Debug|Any CPU
		{1B007F18-90D7-45FB-A449-24434D3F712B}.Debug|Any CPU.Build.0 = Debug|Any CPU
		{1B007F18-90D7-45FB-A449-24434D3F712B}.Release|Any CPU.ActiveCfg = Release|Any CPU
		{1B007F18-90D7-45FB-A449-24434D3F712B}.Release|Any CPU.Build.0 = Release|Any CPU
		{97E9FD08-B544-4464-B143-F5418D70AFE6}.Debug|Any CPU.ActiveCfg = Debug|Any CPU
		{97E9FD08-B544-4464-B143-F5418D70AFE6}.Debug|Any CPU.Build.0 = Debug|Any CPU
		{97E9FD08-B544-4464-B143-F5418D70AFE6}.Release|Any CPU.ActiveCfg = Release|Any CPU
		{97E9FD08-B544-4464-B143-F5418D70AFE6}.Release|Any CPU.Build.0 = Release|Any CPU
		{CF94BA42-C027-4527-9CFD-ED4601A40039}.Debug|Any CPU.ActiveCfg = Debug|Any CPU
		{CF94BA42-C027-4527-9CFD-ED4601A40039}.Debug|Any CPU.Build.0 = Debug|Any CPU
		{CF94BA42-C027-4527-9CFD-ED4601A40039}.Release|Any CPU.ActiveCfg = Release|Any CPU
		{CF94BA42-C027-4527-9CFD-ED4601A40039}.Release|Any CPU.Build.0 = Release|Any CPU
		{D169D2FB-8F3F-4C33-8E26-1746CB0A9DA4}.Debug|Any CPU.ActiveCfg = Debug|Any CPU
		{D169D2FB-8F3F-4C33-8E26-1746CB0A9DA4}.Debug|Any CPU.Build.0 = Debug|Any CPU
		{D169D2FB-8F3F-4C33-8E26-1746CB0A9DA4}.Release|Any CPU.ActiveCfg = Release|Any CPU
		{D169D2FB-8F3F-4C33-8E26-1746CB0A9DA4}.Release|Any CPU.Build.0 = Release|Any CPU
		{AB6D4B82-7F9B-4D99-A62F-26CC22CDC1C3}.Debug|Any CPU.ActiveCfg = Debug|Any CPU
		{AB6D4B82-7F9B-4D99-A62F-26CC22CDC1C3}.Debug|Any CPU.Build.0 = Debug|Any CPU
		{AB6D4B82-7F9B-4D99-A62F-26CC22CDC1C3}.Release|Any CPU.ActiveCfg = Release|Any CPU
		{AB6D4B82-7F9B-4D99-A62F-26CC22CDC1C3}.Release|Any CPU.Build.0 = Release|Any CPU
		{122FC0E3-89C5-4E1A-A073-2A7DD7120927}.Debug|Any CPU.ActiveCfg = Debug|Any CPU
		{122FC0E3-89C5-4E1A-A073-2A7DD7120927}.Debug|Any CPU.Build.0 = Debug|Any CPU
		{122FC0E3-89C5-4E1A-A073-2A7DD7120927}.Release|Any CPU.ActiveCfg = Release|Any CPU
		{122FC0E3-89C5-4E1A-A073-2A7DD7120927}.Release|Any CPU.Build.0 = Release|Any CPU
		{A6F25717-8D68-4AB3-ACEC-CB217AFD998E}.Debug|Any CPU.ActiveCfg = Debug|Any CPU
		{A6F25717-8D68-4AB3-ACEC-CB217AFD998E}.Debug|Any CPU.Build.0 = Debug|Any CPU
		{A6F25717-8D68-4AB3-ACEC-CB217AFD998E}.Release|Any CPU.ActiveCfg = Release|Any CPU
		{A6F25717-8D68-4AB3-ACEC-CB217AFD998E}.Release|Any CPU.Build.0 = Release|Any CPU
	EndGlobalSection
	GlobalSection(SolutionProperties) = preSolution
		HideSolutionNode = FALSE
	EndGlobalSection
	GlobalSection(NestedProjects) = preSolution
		{8238718C-7FFF-4CFB-A4E8-1719775D577F} = {02EA681E-C7D8-13C7-8484-4AC65E1B71E8}
		{3735F2C0-D090-42B7-A1F8-1B65609CBA72} = {02EA681E-C7D8-13C7-8484-4AC65E1B71E8}
		{7F8D0DE0-D441-4C9D-9845-C51D8F0A9C16} = {02EA681E-C7D8-13C7-8484-4AC65E1B71E8}
		{0C49EB42-63A4-48AF-A9E1-5BA746D7B5C3} = {02EA681E-C7D8-13C7-8484-4AC65E1B71E8}
		{808A97F8-6CD0-48BC-BFC6-A6114801BD3B} = {0C49EB42-63A4-48AF-A9E1-5BA746D7B5C3}
		{6D7DAFAB-6531-4F26-A421-751F0850C07B} = {0C49EB42-63A4-48AF-A9E1-5BA746D7B5C3}
		{E9F8B640-3BB2-4869-AA1E-B7275AF62BC6} = {7F8D0DE0-D441-4C9D-9845-C51D8F0A9C16}
		{1B007F18-90D7-45FB-A449-24434D3F712B} = {8238718C-7FFF-4CFB-A4E8-1719775D577F}
		{97E9FD08-B544-4464-B143-F5418D70AFE6} = {E9F8B640-3BB2-4869-AA1E-B7275AF62BC6}
		{CF94BA42-C027-4527-9CFD-ED4601A40039} = {3735F2C0-D090-42B7-A1F8-1B65609CBA72}
		{D169D2FB-8F3F-4C33-8E26-1746CB0A9DA4} = {808A97F8-6CD0-48BC-BFC6-A6114801BD3B}
		{AB6D4B82-7F9B-4D99-A62F-26CC22CDC1C3} = {6D7DAFAB-6531-4F26-A421-751F0850C07B}
		{F2EDF644-EAB5-4103-AE20-844B7A23ED88} = {E286A219-B8BE-4485-A77B-8070952DE8A0}
		{71B5696A-6C9D-47A8-97E4-7F7CFE9C5599} = {E286A219-B8BE-4485-A77B-8070952DE8A0}
		{122FC0E3-89C5-4E1A-A073-2A7DD7120927} = {F2EDF644-EAB5-4103-AE20-844B7A23ED88}
		{A6F25717-8D68-4AB3-ACEC-CB217AFD998E} = {71B5696A-6C9D-47A8-97E4-7F7CFE9C5599}
	EndGlobalSection
	GlobalSection(ExtensibilityGlobals) = postSolution
		SolutionGuid = {2D3B8F03-0493-4D29-9012-C4BCD055AC7D}
	EndGlobalSection
EndGlobal
